
Microsoft Visual Studio Solution File, Format Version 12.00
# Visual Studio Version 16
VisualStudioVersion = 16.0.32002.261
MinimumVisualStudioVersion = 10.0.40219.1
Project("{FAE04EC0-301F-11D3-BF4B-00C04F79EFBC}") = "EmployeeManagement", "EmployeeManagement.csproj", "{93BC6413-8A49-45A4-B320-AD2E1283B644}"
EndProject
Global
	GlobalSection(SolutionConfigurationPlatforms) = preSolution
		Debug|Any CPU = Debug|Any CPU
		Release|Any CPU = Release|Any CPU
	EndGlobalSection
	GlobalSection(ProjectConfigurationPlatforms) = postSolution
		{93BC6413-8A49-45A4-B320-AD2E1283B644}.Debug|Any CPU.ActiveCfg = Debug|Any CPU
		{93BC6413-8A49-45A4-B320-AD2E1283B644}.Debug|Any CPU.Build.0 = Debug|Any CPU
		{93BC6413-8A49-45A4-B320-AD2E1283B644}.Release|Any CPU.ActiveCfg = Release|Any CPU
		{93BC6413-8A49-45A4-B320-AD2E1283B644}.Release|Any CPU.Build.0 = Release|Any CPU
	EndGlobalSection
	GlobalSection(SolutionProperties) = preSolution
		HideSolutionNode = FALSE
	EndGlobalSection
	GlobalSection(ExtensibilityGlobals) = postSolution
		SolutionGuid = {69535679-5BDA-4883-98C3-40DF1A51D03E}
	EndGlobalSection
EndGlobal
