
Microsoft Visual Studio Solution File, Format Version 12.00
# Visual Studio Version 16
VisualStudioVersion = 16.0.31624.102
MinimumVisualStudioVersion = 10.0.40219.1
Project("{FAE04EC0-301F-11D3-BF4B-00C04F79EFBC}") = "OverrideVSNew", "OverrideVSNew.csproj", "{9C09EABE-3274-49BD-B5B4-F9F44C920FF9}"
EndProject
Global
	GlobalSection(SolutionConfigurationPlatforms) = preSolution
		Debug|Any CPU = Debug|Any CPU
		Release|Any CPU = Release|Any CPU
	EndGlobalSection
	GlobalSection(ProjectConfigurationPlatforms) = postSolution
		{9C09EABE-3274-49BD-B5B4-F9F44C920FF9}.Debug|Any CPU.ActiveCfg = Debug|Any CPU
		{9C09EABE-3274-49BD-B5B4-F9F44C920FF9}.Debug|Any CPU.Build.0 = Debug|Any CPU
		{9C09EABE-3274-49BD-B5B4-F9F44C920FF9}.Release|Any CPU.ActiveCfg = Release|Any CPU
		{9C09EABE-3274-49BD-B5B4-F9F44C920FF9}.Release|Any CPU.Build.0 = Release|Any CPU
	EndGlobalSection
	GlobalSection(SolutionProperties) = preSolution
		HideSolutionNode = FALSE
	EndGlobalSection
	GlobalSection(ExtensibilityGlobals) = postSolution
		SolutionGuid = {F32D4FC9-D913-4784-A38C-3F947702A533}
	EndGlobalSection
EndGlobal
