
Microsoft Visual Studio Solution File, Format Version 12.00
# Visual Studio Version 16
VisualStudioVersion = 16.0.31624.102
MinimumVisualStudioVersion = 10.0.40219.1
Project("{FAE04EC0-301F-11D3-BF4B-00C04F79EFBC}") = "SendingMsgTwilio", "SendingMsgTwilio.csproj", "{DB34E35D-1C3C-4282-BAE7-C3B96F0F1C5E}"
EndProject
Global
	GlobalSection(SolutionConfigurationPlatforms) = preSolution
		Debug|Any CPU = Debug|Any CPU
		Release|Any CPU = Release|Any CPU
	EndGlobalSection
	GlobalSection(ProjectConfigurationPlatforms) = postSolution
		{DB34E35D-1C3C-4282-BAE7-C3B96F0F1C5E}.Debug|Any CPU.ActiveCfg = Debug|Any CPU
		{DB34E35D-1C3C-4282-BAE7-C3B96F0F1C5E}.Debug|Any CPU.Build.0 = Debug|Any CPU
		{DB34E35D-1C3C-4282-BAE7-C3B96F0F1C5E}.Release|Any CPU.ActiveCfg = Release|Any CPU
		{DB34E35D-1C3C-4282-BAE7-C3B96F0F1C5E}.Release|Any CPU.Build.0 = Release|Any CPU
	EndGlobalSection
	GlobalSection(SolutionProperties) = preSolution
		HideSolutionNode = FALSE
	EndGlobalSection
	GlobalSection(ExtensibilityGlobals) = postSolution
		SolutionGuid = {75DDBDCC-AC79-481A-BCC7-0EE2A202629F}
	EndGlobalSection
EndGlobal
